
Microsoft Visual Studio Solution File, Format Version 12.00
# Visual Studio 15
VisualStudioVersion = 15.0.26730.3
MinimumVisualStudioVersion = 10.0.40219.1
Project("{2150E333-8FDC-42A3-9474-1A3956D46DE8}") = "Foundation", "Foundation", "{84B12D5F-32F2-4EFB-8EB8-2A5CCC0F89A4}"
EndProject
Project("{2150E333-8FDC-42A3-9474-1A3956D46DE8}") = "Feature", "Feature", "{7608EC97-B2B9-448D-A519-417C5E843838}"
EndProject
Project("{2150E333-8FDC-42A3-9474-1A3956D46DE8}") = "Project", "Project", "{EB7BFF56-257F-42F6-A0D1-B52DA48DD319}"
EndProject
Project("{2150E333-8FDC-42A3-9474-1A3956D46DE8}") = "FusionWigShop", "FusionWigShop", "{C0AE232F-2055-4B53-9241-B96D90EF09F1}"
EndProject
Project("{FAE04EC0-301F-11D3-BF4B-00C04F79EFBC}") = "Sitecore.FusionWigShop.Website", "src\Project\FusionWigShop\code\Sitecore.FusionWigShop.Website.csproj", "{3794B240-15E6-44F8-BD07-2259CD72889B}"
EndProject
Project("{CAA73BB0-EF22-4D79-A57E-DF67B3BA9C80}") = "Sitecore.FusionWigShop.Website.Tds", "src\Project\FusionWigShop\serialization\Sitecore.FusionWigShop.Website.Tds.scproj", "{AB3E8EBF-ABC1-441A-B774-D6794AE03291}"
EndProject
Project("{2150E333-8FDC-42A3-9474-1A3956D46DE8}") = "Common", "Common", "{B3F8185B-3500-4898-B275-64027A623866}"
EndProject
Project("{FAE04EC0-301F-11D3-BF4B-00C04F79EFBC}") = "Sitecore.Common.Website", "src\Project\Common\code\Sitecore.Common.Website.csproj", "{E0C58703-A234-412F-82CB-E6CB8408FDC7}"
EndProject
Project("{CAA73BB0-EF22-4D79-A57E-DF67B3BA9C80}") = "Sitecore.Common.Website.Tds", "src\Project\Common\serialization\Sitecore.Common.Website.Tds.scproj", "{679F855E-19CF-47AE-8E8F-B9D485BFA59B}"
EndProject
Project("{2150E333-8FDC-42A3-9474-1A3956D46DE8}") = "Content", "Content", "{2CEB0A90-2570-42C7-A10B-B3F051FD1DEF}"
EndProject
Project("{2150E333-8FDC-42A3-9474-1A3956D46DE8}") = "Store", "Store", "{5CC0E4E6-DFF8-4FD9-9DB5-10497928F952}"
EndProject
Project("{2150E333-8FDC-42A3-9474-1A3956D46DE8}") = "Navigation", "Navigation", "{AAECCBE8-CF31-491C-9432-47F034D54E08}"
EndProject
Project("{FAE04EC0-301F-11D3-BF4B-00C04F79EFBC}") = "Sitecore.Feature.Content", "src\Feature\Content\code\Sitecore.Feature.Content.csproj", "{84691BE7-E2E5-42BF-8DBD-0349C0C6927A}"
EndProject
Project("{CAA73BB0-EF22-4D79-A57E-DF67B3BA9C80}") = "Sitecore.Feature.Content.Tds", "src\Feature\Content\serialization\Sitecore.Feature.Content.Tds.scproj", "{1FF24BD3-34C9-42A0-AA33-CDF05E30BD04}"
EndProject
Project("{FAE04EC0-301F-11D3-BF4B-00C04F79EFBC}") = "Sitecore.Feature.Navigation", "src\Feature\Navigation\code\Sitecore.Feature.Navigation.csproj", "{E9E241D6-A21C-4CFE-A5CD-BE49B4DAA860}"
EndProject
Project("{CAA73BB0-EF22-4D79-A57E-DF67B3BA9C80}") = "Sitecore.Feature.Navigation.Tds", "src\Feature\Navigation\serialization\Sitecore.Feature.Navigation.Tds.scproj", "{EA9346E2-2228-4CFD-90C6-5FC73DD74BD5}"
EndProject
Project("{FAE04EC0-301F-11D3-BF4B-00C04F79EFBC}") = "Sitecore.Feature.Store", "src\Feature\Store\code\Sitecore.Feature.Store.csproj", "{B276BE64-F211-49A0-ACF6-6AAEDD681D40}"
EndProject
Project("{CAA73BB0-EF22-4D79-A57E-DF67B3BA9C80}") = "Sitecore.Feature.Store.Tds", "src\Feature\Store\serialization\Sitecore.Feature.Store.Tds.scproj", "{2CF37083-D97A-482E-8D1B-1B67EF0F8908}"
EndProject
Project("{2150E333-8FDC-42A3-9474-1A3956D46DE8}") = "FedEx", "FedEx", "{341622CB-B732-4E45-BB3C-6C28165116A0}"
EndProject
Project("{2150E333-8FDC-42A3-9474-1A3956D46DE8}") = "Dictionary", "Dictionary", "{BAEAB430-9D2E-4B62-8B81-7B8D17A86DFB}"
EndProject
Project("{FAE04EC0-301F-11D3-BF4B-00C04F79EFBC}") = "Sitecore.Foundation.Dictionary", "src\Foundation\Dictionary\code\Sitecore.Foundation.Dictionary.csproj", "{4DB0225B-27BE-4A68-97EA-4E7369F91C11}"
EndProject
Project("{CAA73BB0-EF22-4D79-A57E-DF67B3BA9C80}") = "Sitecore.Foundation.Dictionary.Tds", "src\Foundation\Dictionary\serialization\Sitecore.Foundation.Dictionary.Tds.scproj", "{69D75423-AF6F-4CE4-AB24-199C055ABF5F}"
EndProject
Project("{FAE04EC0-301F-11D3-BF4B-00C04F79EFBC}") = "Sitecore.Foundation.FedEx", "src\Foundation\FedEx\code\Sitecore.Foundation.FedEx.csproj", "{9CBDE895-88C2-42EA-96CF-3D9F4FDF3C58}"
EndProject
Project("{2150E333-8FDC-42A3-9474-1A3956D46DE8}") = "MetaData", "MetaData", "{A06BA1D6-314E-486A-B511-9137BEB26F8E}"
EndProject
Project("{FAE04EC0-301F-11D3-BF4B-00C04F79EFBC}") = "Sitecore.Feature.MetaData", "src\Feature\MetaData\code\Sitecore.Feature.MetaData.csproj", "{E1F8A9D9-0C0A-4FDA-B72E-731DE372DBF2}"
EndProject
Project("{CAA73BB0-EF22-4D79-A57E-DF67B3BA9C80}") = "Sitecore.Feature.MetaData.Tds", "src\Feature\MetaData\serialization\Sitecore.Feature.MetaData.Tds.scproj", "{C574D1E9-C484-41E6-A5D8-D3A0B50448F9}"
EndProject
Project("{2150E333-8FDC-42A3-9474-1A3956D46DE8}") = "CompositeComponents", "CompositeComponents", "{4AA29A81-75B1-416B-8DA6-D6C475FF26C5}"
EndProject
Project("{FAE04EC0-301F-11D3-BF4B-00C04F79EFBC}") = "Sitecore.Foundation.CompositeComponents", "src\Foundation\CompositeComponents\code\Sitecore.Foundation.CompositeComponents.csproj", "{4143307B-008C-4208-935F-0FF75EBD9388}"
EndProject
Project("{CAA73BB0-EF22-4D79-A57E-DF67B3BA9C80}") = "Sitecore.Foundation.CompositeComponents.Tds", "src\Foundation\CompositeComponents\serialization\Sitecore.Foundation.CompositeComponents.Tds.scproj", "{DDB3ACFA-8D1C-4EC2-8800-8B2D76F64F95}"
EndProject
Global
	GlobalSection(SolutionConfigurationPlatforms) = preSolution
		Debug|Any CPU = Debug|Any CPU
		Release|Any CPU = Release|Any CPU
	EndGlobalSection
	GlobalSection(ProjectConfigurationPlatforms) = postSolution
		{3794B240-15E6-44F8-BD07-2259CD72889B}.Debug|Any CPU.ActiveCfg = Debug|Any CPU
		{3794B240-15E6-44F8-BD07-2259CD72889B}.Debug|Any CPU.Build.0 = Debug|Any CPU
		{3794B240-15E6-44F8-BD07-2259CD72889B}.Release|Any CPU.ActiveCfg = Release|Any CPU
		{3794B240-15E6-44F8-BD07-2259CD72889B}.Release|Any CPU.Build.0 = Release|Any CPU
		{AB3E8EBF-ABC1-441A-B774-D6794AE03291}.Debug|Any CPU.ActiveCfg = Debug|Any CPU
		{AB3E8EBF-ABC1-441A-B774-D6794AE03291}.Debug|Any CPU.Build.0 = Debug|Any CPU
		{AB3E8EBF-ABC1-441A-B774-D6794AE03291}.Debug|Any CPU.Deploy.0 = Debug|Any CPU
		{AB3E8EBF-ABC1-441A-B774-D6794AE03291}.Release|Any CPU.ActiveCfg = Release|Any CPU
		{AB3E8EBF-ABC1-441A-B774-D6794AE03291}.Release|Any CPU.Build.0 = Release|Any CPU
		{AB3E8EBF-ABC1-441A-B774-D6794AE03291}.Release|Any CPU.Deploy.0 = Release|Any CPU
		{E0C58703-A234-412F-82CB-E6CB8408FDC7}.Debug|Any CPU.ActiveCfg = Debug|Any CPU
		{E0C58703-A234-412F-82CB-E6CB8408FDC7}.Debug|Any CPU.Build.0 = Debug|Any CPU
		{E0C58703-A234-412F-82CB-E6CB8408FDC7}.Release|Any CPU.ActiveCfg = Release|Any CPU
		{E0C58703-A234-412F-82CB-E6CB8408FDC7}.Release|Any CPU.Build.0 = Release|Any CPU
		{679F855E-19CF-47AE-8E8F-B9D485BFA59B}.Debug|Any CPU.ActiveCfg = Debug|Any CPU
		{679F855E-19CF-47AE-8E8F-B9D485BFA59B}.Debug|Any CPU.Build.0 = Debug|Any CPU
		{679F855E-19CF-47AE-8E8F-B9D485BFA59B}.Debug|Any CPU.Deploy.0 = Debug|Any CPU
		{679F855E-19CF-47AE-8E8F-B9D485BFA59B}.Release|Any CPU.ActiveCfg = Release|Any CPU
		{679F855E-19CF-47AE-8E8F-B9D485BFA59B}.Release|Any CPU.Build.0 = Release|Any CPU
		{679F855E-19CF-47AE-8E8F-B9D485BFA59B}.Release|Any CPU.Deploy.0 = Release|Any CPU
		{84691BE7-E2E5-42BF-8DBD-0349C0C6927A}.Debug|Any CPU.ActiveCfg = Debug|Any CPU
		{84691BE7-E2E5-42BF-8DBD-0349C0C6927A}.Debug|Any CPU.Build.0 = Debug|Any CPU
		{84691BE7-E2E5-42BF-8DBD-0349C0C6927A}.Release|Any CPU.ActiveCfg = Release|Any CPU
		{84691BE7-E2E5-42BF-8DBD-0349C0C6927A}.Release|Any CPU.Build.0 = Release|Any CPU
		{1FF24BD3-34C9-42A0-AA33-CDF05E30BD04}.Debug|Any CPU.ActiveCfg = Debug|Any CPU
		{1FF24BD3-34C9-42A0-AA33-CDF05E30BD04}.Debug|Any CPU.Build.0 = Debug|Any CPU
		{1FF24BD3-34C9-42A0-AA33-CDF05E30BD04}.Debug|Any CPU.Deploy.0 = Debug|Any CPU
		{1FF24BD3-34C9-42A0-AA33-CDF05E30BD04}.Release|Any CPU.ActiveCfg = Release|Any CPU
		{1FF24BD3-34C9-42A0-AA33-CDF05E30BD04}.Release|Any CPU.Build.0 = Release|Any CPU
		{1FF24BD3-34C9-42A0-AA33-CDF05E30BD04}.Release|Any CPU.Deploy.0 = Release|Any CPU
		{E9E241D6-A21C-4CFE-A5CD-BE49B4DAA860}.Debug|Any CPU.ActiveCfg = Debug|Any CPU
		{E9E241D6-A21C-4CFE-A5CD-BE49B4DAA860}.Debug|Any CPU.Build.0 = Debug|Any CPU
		{E9E241D6-A21C-4CFE-A5CD-BE49B4DAA860}.Release|Any CPU.ActiveCfg = Release|Any CPU
		{E9E241D6-A21C-4CFE-A5CD-BE49B4DAA860}.Release|Any CPU.Build.0 = Release|Any CPU
		{EA9346E2-2228-4CFD-90C6-5FC73DD74BD5}.Debug|Any CPU.ActiveCfg = Debug|Any CPU
		{EA9346E2-2228-4CFD-90C6-5FC73DD74BD5}.Debug|Any CPU.Build.0 = Debug|Any CPU
		{EA9346E2-2228-4CFD-90C6-5FC73DD74BD5}.Debug|Any CPU.Deploy.0 = Debug|Any CPU
		{EA9346E2-2228-4CFD-90C6-5FC73DD74BD5}.Release|Any CPU.ActiveCfg = Release|Any CPU
		{EA9346E2-2228-4CFD-90C6-5FC73DD74BD5}.Release|Any CPU.Build.0 = Release|Any CPU
		{EA9346E2-2228-4CFD-90C6-5FC73DD74BD5}.Release|Any CPU.Deploy.0 = Release|Any CPU
		{B276BE64-F211-49A0-ACF6-6AAEDD681D40}.Debug|Any CPU.ActiveCfg = Debug|Any CPU
		{B276BE64-F211-49A0-ACF6-6AAEDD681D40}.Debug|Any CPU.Build.0 = Debug|Any CPU
		{B276BE64-F211-49A0-ACF6-6AAEDD681D40}.Release|Any CPU.ActiveCfg = Release|Any CPU
		{B276BE64-F211-49A0-ACF6-6AAEDD681D40}.Release|Any CPU.Build.0 = Release|Any CPU
		{2CF37083-D97A-482E-8D1B-1B67EF0F8908}.Debug|Any CPU.ActiveCfg = Debug|Any CPU
		{2CF37083-D97A-482E-8D1B-1B67EF0F8908}.Debug|Any CPU.Build.0 = Debug|Any CPU
		{2CF37083-D97A-482E-8D1B-1B67EF0F8908}.Debug|Any CPU.Deploy.0 = Debug|Any CPU
		{2CF37083-D97A-482E-8D1B-1B67EF0F8908}.Release|Any CPU.ActiveCfg = Release|Any CPU
		{2CF37083-D97A-482E-8D1B-1B67EF0F8908}.Release|Any CPU.Build.0 = Release|Any CPU
		{2CF37083-D97A-482E-8D1B-1B67EF0F8908}.Release|Any CPU.Deploy.0 = Release|Any CPU
		{4DB0225B-27BE-4A68-97EA-4E7369F91C11}.Debug|Any CPU.ActiveCfg = Debug|Any CPU
		{4DB0225B-27BE-4A68-97EA-4E7369F91C11}.Debug|Any CPU.Build.0 = Debug|Any CPU
		{4DB0225B-27BE-4A68-97EA-4E7369F91C11}.Release|Any CPU.ActiveCfg = Release|Any CPU
		{4DB0225B-27BE-4A68-97EA-4E7369F91C11}.Release|Any CPU.Build.0 = Release|Any CPU
		{69D75423-AF6F-4CE4-AB24-199C055ABF5F}.Debug|Any CPU.ActiveCfg = Debug|Any CPU
		{69D75423-AF6F-4CE4-AB24-199C055ABF5F}.Debug|Any CPU.Build.0 = Debug|Any CPU
		{69D75423-AF6F-4CE4-AB24-199C055ABF5F}.Debug|Any CPU.Deploy.0 = Debug|Any CPU
		{69D75423-AF6F-4CE4-AB24-199C055ABF5F}.Release|Any CPU.ActiveCfg = Release|Any CPU
		{69D75423-AF6F-4CE4-AB24-199C055ABF5F}.Release|Any CPU.Build.0 = Release|Any CPU
		{69D75423-AF6F-4CE4-AB24-199C055ABF5F}.Release|Any CPU.Deploy.0 = Release|Any CPU
		{9CBDE895-88C2-42EA-96CF-3D9F4FDF3C58}.Debug|Any CPU.ActiveCfg = Debug|Any CPU
		{9CBDE895-88C2-42EA-96CF-3D9F4FDF3C58}.Debug|Any CPU.Build.0 = Debug|Any CPU
		{9CBDE895-88C2-42EA-96CF-3D9F4FDF3C58}.Release|Any CPU.ActiveCfg = Release|Any CPU
		{9CBDE895-88C2-42EA-96CF-3D9F4FDF3C58}.Release|Any CPU.Build.0 = Release|Any CPU
		{E1F8A9D9-0C0A-4FDA-B72E-731DE372DBF2}.Debug|Any CPU.ActiveCfg = Debug|Any CPU
		{E1F8A9D9-0C0A-4FDA-B72E-731DE372DBF2}.Debug|Any CPU.Build.0 = Debug|Any CPU
		{E1F8A9D9-0C0A-4FDA-B72E-731DE372DBF2}.Release|Any CPU.ActiveCfg = Release|Any CPU
		{E1F8A9D9-0C0A-4FDA-B72E-731DE372DBF2}.Release|Any CPU.Build.0 = Release|Any CPU
		{C574D1E9-C484-41E6-A5D8-D3A0B50448F9}.Debug|Any CPU.ActiveCfg = Debug|Any CPU
		{C574D1E9-C484-41E6-A5D8-D3A0B50448F9}.Debug|Any CPU.Build.0 = Debug|Any CPU
		{C574D1E9-C484-41E6-A5D8-D3A0B50448F9}.Debug|Any CPU.Deploy.0 = Debug|Any CPU
		{C574D1E9-C484-41E6-A5D8-D3A0B50448F9}.Release|Any CPU.ActiveCfg = Release|Any CPU
		{C574D1E9-C484-41E6-A5D8-D3A0B50448F9}.Release|Any CPU.Build.0 = Release|Any CPU
		{C574D1E9-C484-41E6-A5D8-D3A0B50448F9}.Release|Any CPU.Deploy.0 = Release|Any CPU
		{4143307B-008C-4208-935F-0FF75EBD9388}.Debug|Any CPU.ActiveCfg = Debug|Any CPU
		{4143307B-008C-4208-935F-0FF75EBD9388}.Debug|Any CPU.Build.0 = Debug|Any CPU
		{4143307B-008C-4208-935F-0FF75EBD9388}.Release|Any CPU.ActiveCfg = Release|Any CPU
		{4143307B-008C-4208-935F-0FF75EBD9388}.Release|Any CPU.Build.0 = Release|Any CPU
		{DDB3ACFA-8D1C-4EC2-8800-8B2D76F64F95}.Debug|Any CPU.ActiveCfg = Debug|Any CPU
		{DDB3ACFA-8D1C-4EC2-8800-8B2D76F64F95}.Debug|Any CPU.Build.0 = Debug|Any CPU
		{DDB3ACFA-8D1C-4EC2-8800-8B2D76F64F95}.Debug|Any CPU.Deploy.0 = Debug|Any CPU
		{DDB3ACFA-8D1C-4EC2-8800-8B2D76F64F95}.Release|Any CPU.ActiveCfg = Release|Any CPU
		{DDB3ACFA-8D1C-4EC2-8800-8B2D76F64F95}.Release|Any CPU.Build.0 = Release|Any CPU
		{DDB3ACFA-8D1C-4EC2-8800-8B2D76F64F95}.Release|Any CPU.Deploy.0 = Release|Any CPU
	EndGlobalSection
	GlobalSection(SolutionProperties) = preSolution
		HideSolutionNode = FALSE
	EndGlobalSection
	GlobalSection(NestedProjects) = preSolution
		{C0AE232F-2055-4B53-9241-B96D90EF09F1} = {EB7BFF56-257F-42F6-A0D1-B52DA48DD319}
		{3794B240-15E6-44F8-BD07-2259CD72889B} = {C0AE232F-2055-4B53-9241-B96D90EF09F1}
		{AB3E8EBF-ABC1-441A-B774-D6794AE03291} = {C0AE232F-2055-4B53-9241-B96D90EF09F1}
		{B3F8185B-3500-4898-B275-64027A623866} = {EB7BFF56-257F-42F6-A0D1-B52DA48DD319}
		{E0C58703-A234-412F-82CB-E6CB8408FDC7} = {B3F8185B-3500-4898-B275-64027A623866}
		{679F855E-19CF-47AE-8E8F-B9D485BFA59B} = {B3F8185B-3500-4898-B275-64027A623866}
		{2CEB0A90-2570-42C7-A10B-B3F051FD1DEF} = {7608EC97-B2B9-448D-A519-417C5E843838}
		{5CC0E4E6-DFF8-4FD9-9DB5-10497928F952} = {7608EC97-B2B9-448D-A519-417C5E843838}
		{AAECCBE8-CF31-491C-9432-47F034D54E08} = {7608EC97-B2B9-448D-A519-417C5E843838}
		{84691BE7-E2E5-42BF-8DBD-0349C0C6927A} = {2CEB0A90-2570-42C7-A10B-B3F051FD1DEF}
		{1FF24BD3-34C9-42A0-AA33-CDF05E30BD04} = {2CEB0A90-2570-42C7-A10B-B3F051FD1DEF}
		{E9E241D6-A21C-4CFE-A5CD-BE49B4DAA860} = {AAECCBE8-CF31-491C-9432-47F034D54E08}
		{EA9346E2-2228-4CFD-90C6-5FC73DD74BD5} = {AAECCBE8-CF31-491C-9432-47F034D54E08}
		{B276BE64-F211-49A0-ACF6-6AAEDD681D40} = {5CC0E4E6-DFF8-4FD9-9DB5-10497928F952}
		{2CF37083-D97A-482E-8D1B-1B67EF0F8908} = {5CC0E4E6-DFF8-4FD9-9DB5-10497928F952}
		{341622CB-B732-4E45-BB3C-6C28165116A0} = {84B12D5F-32F2-4EFB-8EB8-2A5CCC0F89A4}
		{BAEAB430-9D2E-4B62-8B81-7B8D17A86DFB} = {84B12D5F-32F2-4EFB-8EB8-2A5CCC0F89A4}
		{4DB0225B-27BE-4A68-97EA-4E7369F91C11} = {BAEAB430-9D2E-4B62-8B81-7B8D17A86DFB}
		{69D75423-AF6F-4CE4-AB24-199C055ABF5F} = {BAEAB430-9D2E-4B62-8B81-7B8D17A86DFB}
		{9CBDE895-88C2-42EA-96CF-3D9F4FDF3C58} = {341622CB-B732-4E45-BB3C-6C28165116A0}
		{A06BA1D6-314E-486A-B511-9137BEB26F8E} = {7608EC97-B2B9-448D-A519-417C5E843838}
		{E1F8A9D9-0C0A-4FDA-B72E-731DE372DBF2} = {A06BA1D6-314E-486A-B511-9137BEB26F8E}
		{C574D1E9-C484-41E6-A5D8-D3A0B50448F9} = {A06BA1D6-314E-486A-B511-9137BEB26F8E}
		{4AA29A81-75B1-416B-8DA6-D6C475FF26C5} = {84B12D5F-32F2-4EFB-8EB8-2A5CCC0F89A4}
		{4143307B-008C-4208-935F-0FF75EBD9388} = {4AA29A81-75B1-416B-8DA6-D6C475FF26C5}
		{DDB3ACFA-8D1C-4EC2-8800-8B2D76F64F95} = {4AA29A81-75B1-416B-8DA6-D6C475FF26C5}
	EndGlobalSection
	GlobalSection(ExtensibilityGlobals) = postSolution
		SolutionGuid = {37949B91-767E-438B-9D77-6C4E9809CF98}
	EndGlobalSection
EndGlobal
